uuid: 72cdbe92-f5b7-4f65-8bc3-24f433b8997a
langcode: en
status: true
dependencies:
  content:
    - 'block_content:basic:89dbeea0-0dd6-44bb-beb1-a276efbf169b'
  module:
    - block_content
  theme:
    - widspune20
id: copyrightblock
theme: widspune20
region: footer_center
weight: 0
provider: null
plugin: 'block_content:89dbeea0-0dd6-44bb-beb1-a276efbf169b'
settings:
  id: 'block_content:89dbeea0-0dd6-44bb-beb1-a276efbf169b'
  label: 'Copyright block'
  provider: block_content
  label_display: '0'
  status: true
  info: ''
  view_mode: full
visibility: {  }
