uuid: f99d0953-2380-44d5-899a-c4035f8c73cf
langcode: en
status: true
dependencies:
  content:
    - 'block_content:description_and_images:47e1a52f-1852-444b-8117-b9f41bf218df'
  module:
    - block_content
    - system
  theme:
    - widspune20
id: frontpageregistrationblock
theme: widspune20
region: sidebar_second
weight: 0
provider: null
plugin: 'block_content:47e1a52f-1852-444b-8117-b9f41bf218df'
settings:
  id: 'block_content:47e1a52f-1852-444b-8117-b9f41bf218df'
  label: 'Frontpage registration block'
  provider: block_content
  label_display: '0'
  status: true
  info: ''
  view_mode: full
visibility:
  request_path:
    id: request_path
    pages: '<front>'
    negate: false
    context_mapping: {  }
